
Microsoft Visual Studio Solution File, Format Version 12.00
# Visual Studio Version 17
VisualStudioVersion = 17.13.35913.81 d17.13
MinimumVisualStudioVersion = 10.0.40219.1
Project("{FAE04EC0-301F-11D3-BF4B-00C04F79EFBC}") = "paint_0", "paint_0.csproj", "{6F58AD2B-763F-4567-A280-87576F18A8EE}"
EndProject
Global
	GlobalSection(SolutionConfigurationPlatforms) = preSolution
		Debug|Any CPU = Debug|Any CPU
		Release|Any CPU = Release|Any CPU
	EndGlobalSection
	GlobalSection(ProjectConfigurationPlatforms) = postSolution
		{6F58AD2B-763F-4567-A280-87576F18A8EE}.Debug|Any CPU.ActiveCfg = Debug|Any CPU
		{6F58AD2B-763F-4567-A280-87576F18A8EE}.Debug|Any CPU.Build.0 = Debug|Any CPU
		{6F58AD2B-763F-4567-A280-87576F18A8EE}.Release|Any CPU.ActiveCfg = Release|Any CPU
		{6F58AD2B-763F-4567-A280-87576F18A8EE}.Release|Any CPU.Build.0 = Release|Any CPU
	EndGlobalSection
	GlobalSection(SolutionProperties) = preSolution
		HideSolutionNode = FALSE
	EndGlobalSection
	GlobalSection(ExtensibilityGlobals) = postSolution
		SolutionGuid = {DE90A428-759E-437A-9957-C79961ABA3BB}
	EndGlobalSection
EndGlobal
